{
  "socketPath": "/tmp/mcp-UG2zYX/mcp.sock",
  "scheme": "unix",
  "headers": {
    "Authorization": "Nonce af8f0cf8-b431-40f1-a42d-24ed3e678dc1"
  },
  "pid": 1890,
  "ideName": "Visual Studio Code",
  "timestamp": 1776077093216,
  "workspaceFolders": [
    "/teamspace/studios/this_studio"
  ],
  "isTrusted": true
}